Microsoft Visual Studio Solution File, Format Version 12.00
# Visual Studio 2012
Project("{FAE04EC0-301F-11D3-BF4B-00C04F79EFBC}") = "quest-world", "quest-world.csproj", "{76B08288-ABAF-472D-B67A-730634508601}"
EndProject
Global
	GlobalSection(SolutionConfigurationPlatforms) = preSolution
	Debug|Any CPU = Debug|Any CPU
	ExportDebug|Any CPU = ExportDebug|Any CPU
	ExportRelease|Any CPU = ExportRelease|Any CPU
	EndGlobalSection
	GlobalSection(ProjectConfigurationPlatforms) = postSolution
		{76B08288-ABAF-472D-B67A-730634508601}.Debug|Any CPU.ActiveCfg = Debug|Any CPU
		{76B08288-ABAF-472D-B67A-730634508601}.Debug|Any CPU.Build.0 = Debug|Any CPU
		{76B08288-ABAF-472D-B67A-730634508601}.ExportDebug|Any CPU.ActiveCfg = ExportDebug|Any CPU
		{76B08288-ABAF-472D-B67A-730634508601}.ExportDebug|Any CPU.Build.0 = ExportDebug|Any CPU
		{76B08288-ABAF-472D-B67A-730634508601}.ExportRelease|Any CPU.ActiveCfg = ExportRelease|Any CPU
		{76B08288-ABAF-472D-B67A-730634508601}.ExportRelease|Any CPU.Build.0 = ExportRelease|Any CPU
	EndGlobalSection
EndGlobal
